PODS:
  - ASIHTTPRequest (1.8.2):
    - ASIHTTPRequest/ASIWebPageRequest (= 1.8.2)
    - ASIHTTPRequest/CloudFiles (= 1.8.2)
    - ASIHTTPRequest/Core (= 1.8.2)
    - ASIHTTPRequest/S3 (= 1.8.2)
  - ASIHTTPRequest/ASIWebPageRequest (1.8.2):
    - ASIHTTPRequest/Core
  - ASIHTTPRequest/CloudFiles (1.8.2):
    - ASIHTTPRequest/Core
  - ASIHTTPRequest/Core (1.8.2):
    - Reachability
  - ASIHTTPRequest/S3 (1.8.2):
    - ASIHTTPRequest/Core
  - AvoidCrash (2.5.2)
  - CocoaAsyncSocket (7.6.3)
  - CocoaLumberjack (3.4.2):
    - CocoaLumberjack/Default (= 3.4.2)
    - CocoaLumberjack/Extensions (= 3.4.2)
  - CocoaLumberjack/Default (3.4.2)
  - CocoaLumberjack/Extensions (3.4.2):
    - CocoaLumberjack/Default
  - ProtocolBuffers (1.9.11)
  - QIMCommonCategories (1.0.0-beta)
  - QIMDataBase (1.0.0-beta)
  - QIMKitVendor (1.0.3-beta):
    - QIMKitVendor/Audio (= 1.0.3-beta)
    - QIMKitVendor/Crashlytics (= 1.0.3-beta)
    - QIMKitVendor/DES (= 1.0.3-beta)
    - QIMKitVendor/DOG (= 1.0.3-beta)
    - QIMKitVendor/Fabric (= 1.0.3-beta)
    - QIMKitVendor/GCD (= 1.0.3-beta)
    - QIMKitVendor/HTTP (= 1.0.3-beta)
    - QIMKitVendor/JSON (= 1.0.3-beta)
    - QIMKitVendor/PinYin (= 1.0.3-beta)
    - QIMKitVendor/UUID (= 1.0.3-beta)
    - QIMKitVendor/ZBar (= 1.0.3-beta)
    - QIMKitVendor/Zip (= 1.0.3-beta)
    - ZipArchive
  - QIMKitVendor/Audio (1.0.3-beta):
    - ZipArchive
  - QIMKitVendor/Crashlytics (1.0.3-beta):
    - ZipArchive
  - QIMKitVendor/DES (1.0.3-beta):
    - ZipArchive
  - QIMKitVendor/DOG (1.0.3-beta):
    - ZipArchive
  - QIMKitVendor/Fabric (1.0.3-beta):
    - ZipArchive
  - QIMKitVendor/GCD (1.0.3-beta):
    - ZipArchive
  - QIMKitVendor/HTTP (1.0.3-beta):
    - ASIHTTPRequest
    - ZipArchive
  - QIMKitVendor/JSON (1.0.3-beta):
    - ZipArchive
  - QIMKitVendor/PinYin (1.0.3-beta):
    - ZipArchive
  - QIMKitVendor/UUID (1.0.3-beta):
    - UICKeyChainStore
    - ZipArchive
  - QIMKitVendor/ZBar (1.0.3-beta):
    - ZipArchive
  - QIMKitVendor/Zip (1.0.3-beta):
    - ZipArchive
  - QIMOpenSSL (1.0.1-beta)
  - QIMPublicRedefineHeader (0.0.2-beta):
    - CocoaLumberjack
  - Reachability (3.2)
  - UICKeyChainStore (2.1.2)
  - YYCache (1.0.4)
  - YYModel (1.0.4)
  - ZipArchive (1.4.0)

DEPENDENCIES:
  - ASIHTTPRequest
  - AvoidCrash
  - CocoaAsyncSocket
  - CocoaLumberjack
  - ProtocolBuffers
  - QIMCommonCategories (~> 1.0.0-beta)
  - QIMDataBase (~> 1.0.0-beta)
  - QIMKitVendor (~> 1.0.3-beta)
  - QIMOpenSSL (~> 1.0.1-beta)
  - QIMPublicRedefineHeader (~> 0.0.2-beta)
  - UICKeyChainStore
  - YYCache
  - YYModel

SPEC REPOS:
  "git@gitlab.corp.qunar.com:qchat/libQIMKit-iOS-Cook.git":
    - QIMCommonCategories
    - QIMDataBase
    - QIMKitVendor
    - QIMOpenSSL
    - QIMPublicRedefineHeader
  https://github.com/cocoapods/specs.git:
    - ASIHTTPRequest
    - AvoidCrash
    - CocoaAsyncSocket
    - CocoaLumberjack
    - ProtocolBuffers
    - Reachability
    - UICKeyChainStore
    - YYCache
    - YYModel
    - ZipArchive

SPEC CHECKSUMS:
  ASIHTTPRequest: ec013992946676b7978dcbde6396d57312d21db4
  AvoidCrash: 28c6916fe19bd2b84126b8dec7cbe61c9a12741d
  CocoaAsyncSocket: eafaa68a7e0ec99ead0a7b35015e0bf25d2c8987
  CocoaLumberjack: db7cc9e464771f12054c22ff6947c5a58d43a0fd
  ProtocolBuffers: d509225eb2ea43d9582a59e94348fcf86e2abd65
  QIMCommonCategories: a118046c9eec6c7630ea025b780ada7a31b52724
  QIMDataBase: b09add67a037a8c03377a594f8bb0309bf45a320
  QIMKitVendor: ac97e39faf8b9a3a49d40241f4a04a7ca75f36e0
  QIMOpenSSL: 8bce774be31ac5c91883c235001d8ae8e1177596
  QIMPublicRedefineHeader: 9e97f3f1af4a34c5c27d994d3ba3db37bbca3930
  Reachability: 33e18b67625424e47b6cde6d202dce689ad7af96
  UICKeyChainStore: 85db518bb1d294366d15ec9b92a416c4e670518f
  YYCache: 8105b6638f5e849296c71f331ff83891a4942952
  YYModel: 2a7fdd96aaa4b86a824e26d0c517de8928c04b30
  ZipArchive: e25a4373192673e3229ac8d6e9f64a3e5713c966

PODFILE CHECKSUM: fb29a2028d4016a7beb12ba94bd7373b59456859

COCOAPODS: 1.6.0.beta.2
